
Microsoft Visual Studio Solution File, Format Version 12.00
# Visual Studio Version 17
VisualStudioVersion = 17.10.34707.107
MinimumVisualStudioVersion = 10.0.40219.1
Project("{9A19103F-16F7-4668-BE54-9A1E7A4F7556}") = "BlazorServer", "BlazorServer\BlazorServer.csproj", "{1C651F60-B911-40DA-BD58-544A66B13FA1}"
EndProject
Global
	GlobalSection(SolutionConfigurationPlatforms) = preSolution
		Debug|Any CPU = Debug|Any CPU
		Release|Any CPU = Release|Any CPU
	EndGlobalSection
	GlobalSection(ProjectConfigurationPlatforms) = postSolution
		{1C651F60-B911-40DA-BD58-544A66B13FA1}.Debug|Any CPU.ActiveCfg = Debug|Any CPU
		{1C651F60-B911-40DA-BD58-544A66B13FA1}.Debug|Any CPU.Build.0 = Debug|Any CPU
		{1C651F60-B911-40DA-BD58-544A66B13FA1}.Release|Any CPU.ActiveCfg = Release|Any CPU
		{1C651F60-B911-40DA-BD58-544A66B13FA1}.Release|Any CPU.Build.0 = Release|Any CPU
	EndGlobalSection
	GlobalSection(SolutionProperties) = preSolution
		HideSolutionNode = FALSE
	EndGlobalSection
	GlobalSection(ExtensibilityGlobals) = postSolution
		SolutionGuid = {DDE9BAB8-2E69-4E4B-8058-E767BE805113}
	EndGlobalSection
EndGlobal
